
Microsoft Visual Studio Solution File, Format Version 12.00
# Visual Studio Version 16
VisualStudioVersion = 16.0.29728.190
MinimumVisualStudioVersion = 10.0.40219.1
Project("{2150E333-8FDC-42A3-9474-1A3956D46DE8}") = "Src", "Src", "{B15B536E-9923-40E0-AFF7-D5AAD039ACAF}"
EndProject
Project("{2150E333-8FDC-42A3-9474-1A3956D46DE8}") = "Test", "Test", "{67B3DAB6-BEA0-4F60-ABE7-35BE6BBEDD41}"
EndProject
Project("{9A19103F-16F7-4668-BE54-9A1E7A4F7556}") = "Web", "Src\Web\Web.csproj", "{87F95F3D-F917-4BB2-838A-EA6219EF4FB0}"
EndProject
Project("{9A19103F-16F7-4668-BE54-9A1E7A4F7556}") = "Web.Blazor", "Src\Web.Blazor\Web.Blazor.csproj", "{975938C9-0077-427F-BC11-FBE5753348A3}"
EndProject
Project("{9A19103F-16F7-4668-BE54-9A1E7A4F7556}") = "Web.FastTests", "Test\Web.FastTests\Web.FastTests.csproj", "{B3DA1F17-7A8B-440E-91C4-769955CC9BB7}"
EndProject
Project("{2150E333-8FDC-42A3-9474-1A3956D46DE8}") = "CodeKata", "CodeKata", "{3167F26A-2143-470A-8855-F7D4C2C22AA0}"
EndProject
Project("{9A19103F-16F7-4668-BE54-9A1E7A4F7556}") = "KarateChop", "CodeKata\CSharp\KarateChop\KarateChop.csproj", "{1091D0BF-5408-41E6-8E43-3688F104A53C}"
EndProject
Project("{9A19103F-16F7-4668-BE54-9A1E7A4F7556}") = "Tests", "Test\Tests\Tests.csproj", "{3EE34319-2CEB-48AE-AFE6-30D187DECD83}"
EndProject
Project("{FAE04EC0-301F-11D3-BF4B-00C04F79EFBC}") = "CodeWars", "CodeKata\CSharp\CodeWars\CodeWars.csproj", "{5E62F045-B675-4681-AA6A-A636F96C224B}"
EndProject
Global
	GlobalSection(SolutionConfigurationPlatforms) = preSolution
		Debug|Any CPU = Debug|Any CPU
		Release|Any CPU = Release|Any CPU
	EndGlobalSection
	GlobalSection(ProjectConfigurationPlatforms) = postSolution
		{87F95F3D-F917-4BB2-838A-EA6219EF4FB0}.Debug|Any CPU.ActiveCfg = Debug|Any CPU
		{87F95F3D-F917-4BB2-838A-EA6219EF4FB0}.Debug|Any CPU.Build.0 = Debug|Any CPU
		{87F95F3D-F917-4BB2-838A-EA6219EF4FB0}.Release|Any CPU.ActiveCfg = Release|Any CPU
		{87F95F3D-F917-4BB2-838A-EA6219EF4FB0}.Release|Any CPU.Build.0 = Release|Any CPU
		{975938C9-0077-427F-BC11-FBE5753348A3}.Debug|Any CPU.ActiveCfg = Debug|Any CPU
		{975938C9-0077-427F-BC11-FBE5753348A3}.Debug|Any CPU.Build.0 = Debug|Any CPU
		{975938C9-0077-427F-BC11-FBE5753348A3}.Release|Any CPU.ActiveCfg = Release|Any CPU
		{975938C9-0077-427F-BC11-FBE5753348A3}.Release|Any CPU.Build.0 = Release|Any CPU
		{B3DA1F17-7A8B-440E-91C4-769955CC9BB7}.Debug|Any CPU.ActiveCfg = Debug|Any CPU
		{B3DA1F17-7A8B-440E-91C4-769955CC9BB7}.Debug|Any CPU.Build.0 = Debug|Any CPU
		{B3DA1F17-7A8B-440E-91C4-769955CC9BB7}.Release|Any CPU.ActiveCfg = Release|Any CPU
		{B3DA1F17-7A8B-440E-91C4-769955CC9BB7}.Release|Any CPU.Build.0 = Release|Any CPU
		{1091D0BF-5408-41E6-8E43-3688F104A53C}.Debug|Any CPU.ActiveCfg = Debug|Any CPU
		{1091D0BF-5408-41E6-8E43-3688F104A53C}.Debug|Any CPU.Build.0 = Debug|Any CPU
		{1091D0BF-5408-41E6-8E43-3688F104A53C}.Release|Any CPU.ActiveCfg = Release|Any CPU
		{1091D0BF-5408-41E6-8E43-3688F104A53C}.Release|Any CPU.Build.0 = Release|Any CPU
		{3EE34319-2CEB-48AE-AFE6-30D187DECD83}.Debug|Any CPU.ActiveCfg = Debug|Any CPU
		{3EE34319-2CEB-48AE-AFE6-30D187DECD83}.Debug|Any CPU.Build.0 = Debug|Any CPU
		{3EE34319-2CEB-48AE-AFE6-30D187DECD83}.Release|Any CPU.ActiveCfg = Release|Any CPU
		{3EE34319-2CEB-48AE-AFE6-30D187DECD83}.Release|Any CPU.Build.0 = Release|Any CPU
		{5E62F045-B675-4681-AA6A-A636F96C224B}.Debug|Any CPU.ActiveCfg = Debug|Any CPU
		{5E62F045-B675-4681-AA6A-A636F96C224B}.Debug|Any CPU.Build.0 = Debug|Any CPU
		{5E62F045-B675-4681-AA6A-A636F96C224B}.Release|Any CPU.ActiveCfg = Release|Any CPU
		{5E62F045-B675-4681-AA6A-A636F96C224B}.Release|Any CPU.Build.0 = Release|Any CPU
	EndGlobalSection
	GlobalSection(SolutionProperties) = preSolution
		HideSolutionNode = FALSE
	EndGlobalSection
	GlobalSection(NestedProjects) = preSolution
		{87F95F3D-F917-4BB2-838A-EA6219EF4FB0} = {B15B536E-9923-40E0-AFF7-D5AAD039ACAF}
		{975938C9-0077-427F-BC11-FBE5753348A3} = {B15B536E-9923-40E0-AFF7-D5AAD039ACAF}
		{B3DA1F17-7A8B-440E-91C4-769955CC9BB7} = {67B3DAB6-BEA0-4F60-ABE7-35BE6BBEDD41}
		{1091D0BF-5408-41E6-8E43-3688F104A53C} = {3167F26A-2143-470A-8855-F7D4C2C22AA0}
		{3EE34319-2CEB-48AE-AFE6-30D187DECD83} = {67B3DAB6-BEA0-4F60-ABE7-35BE6BBEDD41}
		{5E62F045-B675-4681-AA6A-A636F96C224B} = {3167F26A-2143-470A-8855-F7D4C2C22AA0}
	EndGlobalSection
	GlobalSection(ExtensibilityGlobals) = postSolution
		SolutionGuid = {92BEFA21-174D-4946-BEE5-7DE0CA9CCDEF}
	EndGlobalSection
EndGlobal
