
Microsoft Visual Studio Solution File, Format Version 12.00
# Visual Studio Version 16
VisualStudioVersion = 16.0.29728.190
MinimumVisualStudioVersion = 10.0.40219.1
Project("{9A19103F-16F7-4668-BE54-9A1E7A4F7556}") = "Web", "src\Web\Web.csproj", "{B75F7383-F665-4179-A262-480DDBD0F62F}"
EndProject
Project("{2150E333-8FDC-42A3-9474-1A3956D46DE8}") = "src", "src", "{96B7B9E2-5E6E-4BC2-9CFD-511F9A6C7A51}"
EndProject
Project("{2150E333-8FDC-42A3-9474-1A3956D46DE8}") = "test", "test", "{A731DE46-AAAA-4729-8548-D84F3D514FB6}"
EndProject
Project("{FAE04EC0-301F-11D3-BF4B-00C04F79EFBC}") = "Web.FastTests", "test\Web.FastTests\Web.FastTests.csproj", "{01B75A3A-F3DA-4CD9-8FF1-D9903E122A49}"
EndProject
Global
	GlobalSection(SolutionConfigurationPlatforms) = preSolution
		Debug|Any CPU = Debug|Any CPU
		Release|Any CPU = Release|Any CPU
	EndGlobalSection
	GlobalSection(ProjectConfigurationPlatforms) = postSolution
		{B75F7383-F665-4179-A262-480DDBD0F62F}.Debug|Any CPU.ActiveCfg = Debug|Any CPU
		{B75F7383-F665-4179-A262-480DDBD0F62F}.Debug|Any CPU.Build.0 = Debug|Any CPU
		{B75F7383-F665-4179-A262-480DDBD0F62F}.Release|Any CPU.ActiveCfg = Release|Any CPU
		{B75F7383-F665-4179-A262-480DDBD0F62F}.Release|Any CPU.Build.0 = Release|Any CPU
		{01B75A3A-F3DA-4CD9-8FF1-D9903E122A49}.Debug|Any CPU.ActiveCfg = Debug|Any CPU
		{01B75A3A-F3DA-4CD9-8FF1-D9903E122A49}.Debug|Any CPU.Build.0 = Debug|Any CPU
		{01B75A3A-F3DA-4CD9-8FF1-D9903E122A49}.Release|Any CPU.ActiveCfg = Release|Any CPU
		{01B75A3A-F3DA-4CD9-8FF1-D9903E122A49}.Release|Any CPU.Build.0 = Release|Any CPU
	EndGlobalSection
	GlobalSection(SolutionProperties) = preSolution
		HideSolutionNode = FALSE
	EndGlobalSection
	GlobalSection(NestedProjects) = preSolution
		{B75F7383-F665-4179-A262-480DDBD0F62F} = {96B7B9E2-5E6E-4BC2-9CFD-511F9A6C7A51}
		{01B75A3A-F3DA-4CD9-8FF1-D9903E122A49} = {A731DE46-AAAA-4729-8548-D84F3D514FB6}
	EndGlobalSection
	GlobalSection(ExtensibilityGlobals) = postSolution
		SolutionGuid = {92BEFA21-174D-4946-BEE5-7DE0CA9CCDEF}
	EndGlobalSection
EndGlobal
